
Microsoft Visual Studio Solution File, Format Version 12.00
Project("{FAE04EC0-301F-11D3-BF4B-00C04F79EFBC}") = "Calibration", "Calibration\Calibration.csproj", "{DA9CDC05-5367-4D50-AF80-3EA1349300FF}"
EndProject
Project("{FAE04EC0-301F-11D3-BF4B-00C04F79EFBC}") = "Gui", "Gui\Gui.csproj", "{8ED9B9B6-930F-4336-8E7A-C5FA55CBCF9E}"
EndProject
Project("{FAE04EC0-301F-11D3-BF4B-00C04F79EFBC}") = "CanDriver", "CanDriver\CanDriver.csproj", "{F539AD8F-9406-4DAF-BDA3-03D9CA2C7160}"
EndProject
Global
	GlobalSection(SolutionConfigurationPlatforms) = preSolution
		Debug|Any CPU = Debug|Any CPU
		Release|Any CPU = Release|Any CPU
	EndGlobalSection
	GlobalSection(ProjectConfigurationPlatforms) = postSolution
		{DA9CDC05-5367-4D50-AF80-3EA1349300FF}.Debug|Any CPU.ActiveCfg = Debug|Any CPU
		{DA9CDC05-5367-4D50-AF80-3EA1349300FF}.Debug|Any CPU.Build.0 = Debug|Any CPU
		{DA9CDC05-5367-4D50-AF80-3EA1349300FF}.Release|Any CPU.ActiveCfg = Release|Any CPU
		{DA9CDC05-5367-4D50-AF80-3EA1349300FF}.Release|Any CPU.Build.0 = Release|Any CPU
		{8ED9B9B6-930F-4336-8E7A-C5FA55CBCF9E}.Debug|Any CPU.ActiveCfg = Debug|Any CPU
		{8ED9B9B6-930F-4336-8E7A-C5FA55CBCF9E}.Debug|Any CPU.Build.0 = Debug|Any CPU
		{8ED9B9B6-930F-4336-8E7A-C5FA55CBCF9E}.Release|Any CPU.ActiveCfg = Release|Any CPU
		{8ED9B9B6-930F-4336-8E7A-C5FA55CBCF9E}.Release|Any CPU.Build.0 = Release|Any CPU
		{F539AD8F-9406-4DAF-BDA3-03D9CA2C7160}.Debug|Any CPU.ActiveCfg = Debug|Any CPU
		{F539AD8F-9406-4DAF-BDA3-03D9CA2C7160}.Debug|Any CPU.Build.0 = Debug|Any CPU
		{F539AD8F-9406-4DAF-BDA3-03D9CA2C7160}.Release|Any CPU.ActiveCfg = Release|Any CPU
		{F539AD8F-9406-4DAF-BDA3-03D9CA2C7160}.Release|Any CPU.Build.0 = Release|Any CPU
	EndGlobalSection
EndGlobal
